
Microsoft Visual Studio Solution File, Format Version 12.00
# Visual Studio Version 17
VisualStudioVersion = 17.4.33110.190
MinimumVisualStudioVersion = 10.0.40219.1
Project("{9A19103F-16F7-4668-BE54-9A1E7A4F7556}") = "NamesGalore", "NamesGalore\NamesGalore.csproj", "{5111A045-D0C6-459A-87B9-6CA3B16B8B69}"
EndProject
Global
	GlobalSection(SolutionConfigurationPlatforms) = preSolution
		Debug|Any CPU = Debug|Any CPU
		Release|Any CPU = Release|Any CPU
	EndGlobalSection
	GlobalSection(ProjectConfigurationPlatforms) = postSolution
		{5111A045-D0C6-459A-87B9-6CA3B16B8B69}.Debug|Any CPU.ActiveCfg = Release|Any CPU
		{5111A045-D0C6-459A-87B9-6CA3B16B8B69}.Debug|Any CPU.Build.0 = Release|Any CPU
		{5111A045-D0C6-459A-87B9-6CA3B16B8B69}.Release|Any CPU.ActiveCfg = Release|Any CPU
		{5111A045-D0C6-459A-87B9-6CA3B16B8B69}.Release|Any CPU.Build.0 = Release|Any CPU
	EndGlobalSection
	GlobalSection(SolutionProperties) = preSolution
		HideSolutionNode = FALSE
	EndGlobalSection
	GlobalSection(ExtensibilityGlobals) = postSolution
		SolutionGuid = {C5E19561-CABF-4D51-BA42-775DCF13C002}
	EndGlobalSection
EndGlobal
